
Microsoft Visual Studio Solution File, Format Version 12.00
# Visual Studio Version 17
VisualStudioVersion = 17.0.31903.59
MinimumVisualStudioVersion = 10.0.40219.1
Project("{FAE04EC0-301F-11D3-BF4B-00C04F79EFBC}") = "SD_Sinema.Core", "SD_Sinema.Core\SD_Sinema.Core.csproj", "{A1B2C3D4-E5F6-7890-ABCD-EF1234567890}"
EndProject
Project("{FAE04EC0-301F-11D3-BF4B-00C04F79EFBC}") = "SD_Sinema.Data", "SD_Sinema.Data\SD_Sinema.Data.csproj", "{83512989-3419-827A-4973-2E43630EE2C0}"
EndProject
Project("{FAE04EC0-301F-11D3-BF4B-00C04F79EFBC}") = "SD_Sinema.Business", "SD_Sinema.Business\SD_Sinema.Business.csproj", "{21BFAB18-D89C-AA1C-8E7C-7A78FEE15047}"
EndProject
Project("{FAE04EC0-301F-11D3-BF4B-00C04F79EFBC}") = "SD_Sinema.API", "SD_Sinema.API\SD_Sinema.API.csproj", "{3467A5D8-F8F7-623F-A613-EC0E1CC9D4ED}"
EndProject
Project("{FAE04EC0-301F-11D3-BF4B-00C04F79EFBC}") = "SD_Sinema.Web", "SD_Sinema.Web\SD_Sinema.Web.csproj", "{91B54639-E4E0-1612-B444-D9524ADCA8E5}"
EndProject
Project("{FAE04EC0-301F-11D3-BF4B-00C04F79EFBC}") = "SD_Sinema.Tests", "SD_Sinema.Tests\SD_Sinema.Tests.csproj", "{BF15E3EF-CA09-4130-AE8F-3D509B8DED67}"
EndProject
Global
	GlobalSection(SolutionConfigurationPlatforms) = preSolution
		Debug|Any CPU = Debug|Any CPU
		Debug|x64 = Debug|x64
		Debug|x86 = Debug|x86
		Release|Any CPU = Release|Any CPU
		Release|x64 = Release|x64
		Release|x86 = Release|x86
	EndGlobalSection
	GlobalSection(ProjectConfigurationPlatforms) = postSolution
		{A1B2C3D4-E5F6-7890-ABCD-EF1234567890}.Debug|Any CPU.ActiveCfg = Debug|Any CPU
		{A1B2C3D4-E5F6-7890-ABCD-EF1234567890}.Debug|Any CPU.Build.0 = Debug|Any CPU
		{A1B2C3D4-E5F6-7890-ABCD-EF1234567890}.Debug|x64.ActiveCfg = Debug|Any CPU
		{A1B2C3D4-E5F6-7890-ABCD-EF1234567890}.Debug|x64.Build.0 = Debug|Any CPU
		{A1B2C3D4-E5F6-7890-ABCD-EF1234567890}.Debug|x86.ActiveCfg = Debug|Any CPU
		{A1B2C3D4-E5F6-7890-ABCD-EF1234567890}.Debug|x86.Build.0 = Debug|Any CPU
		{A1B2C3D4-E5F6-7890-ABCD-EF1234567890}.Release|Any CPU.ActiveCfg = Release|Any CPU
		{A1B2C3D4-E5F6-7890-ABCD-EF1234567890}.Release|Any CPU.Build.0 = Release|Any CPU
		{A1B2C3D4-E5F6-7890-ABCD-EF1234567890}.Release|x64.ActiveCfg = Release|Any CPU
		{A1B2C3D4-E5F6-7890-ABCD-EF1234567890}.Release|x64.Build.0 = Release|Any CPU
		{A1B2C3D4-E5F6-7890-ABCD-EF1234567890}.Release|x86.ActiveCfg = Release|Any CPU
		{A1B2C3D4-E5F6-7890-ABCD-EF1234567890}.Release|x86.Build.0 = Release|Any CPU
		{83512989-3419-827A-4973-2E43630EE2C0}.Debug|x64.ActiveCfg = Debug|Any CPU
		{83512989-3419-827A-4973-2E43630EE2C0}.Debug|x64.Build.0 = Debug|Any CPU
		{83512989-3419-827A-4973-2E43630EE2C0}.Debug|x86.ActiveCfg = Debug|Any CPU
		{83512989-3419-827A-4973-2E43630EE2C0}.Debug|x86.Build.0 = Debug|Any CPU
		{83512989-3419-827A-4973-2E43630EE2C0}.Release|x64.ActiveCfg = Release|Any CPU
		{83512989-3419-827A-4973-2E43630EE2C0}.Release|x64.Build.0 = Release|Any CPU
		{83512989-3419-827A-4973-2E43630EE2C0}.Release|x86.ActiveCfg = Release|Any CPU
		{83512989-3419-827A-4973-2E43630EE2C0}.Release|x86.Build.0 = Release|Any CPU
		{21BFAB18-D89C-AA1C-8E7C-7A78FEE15047}.Debug|x64.ActiveCfg = Debug|Any CPU
		{21BFAB18-D89C-AA1C-8E7C-7A78FEE15047}.Debug|x64.Build.0 = Debug|Any CPU
		{21BFAB18-D89C-AA1C-8E7C-7A78FEE15047}.Debug|x86.ActiveCfg = Debug|Any CPU
		{21BFAB18-D89C-AA1C-8E7C-7A78FEE15047}.Debug|x86.Build.0 = Debug|Any CPU
		{21BFAB18-D89C-AA1C-8E7C-7A78FEE15047}.Release|x64.ActiveCfg = Release|Any CPU
		{21BFAB18-D89C-AA1C-8E7C-7A78FEE15047}.Release|x64.Build.0 = Release|Any CPU
		{21BFAB18-D89C-AA1C-8E7C-7A78FEE15047}.Release|x86.ActiveCfg = Release|Any CPU
		{21BFAB18-D89C-AA1C-8E7C-7A78FEE15047}.Release|x86.Build.0 = Release|Any CPU
		{3467A5D8-F8F7-623F-A613-EC0E1CC9D4ED}.Debug|x64.ActiveCfg = Debug|Any CPU
		{3467A5D8-F8F7-623F-A613-EC0E1CC9D4ED}.Debug|x64.Build.0 = Debug|Any CPU
		{3467A5D8-F8F7-623F-A613-EC0E1CC9D4ED}.Debug|x86.ActiveCfg = Debug|Any CPU
		{3467A5D8-F8F7-623F-A613-EC0E1CC9D4ED}.Debug|x86.Build.0 = Debug|Any CPU
		{3467A5D8-F8F7-623F-A613-EC0E1CC9D4ED}.Release|x64.ActiveCfg = Release|Any CPU
		{3467A5D8-F8F7-623F-A613-EC0E1CC9D4ED}.Release|x64.Build.0 = Release|Any CPU
		{3467A5D8-F8F7-623F-A613-EC0E1CC9D4ED}.Release|x86.ActiveCfg = Release|Any CPU
		{3467A5D8-F8F7-623F-A613-EC0E1CC9D4ED}.Release|x86.Build.0 = Release|Any CPU
		{91B54639-E4E0-1612-B444-D9524ADCA8E5}.Debug|x64.ActiveCfg = Debug|Any CPU
		{91B54639-E4E0-1612-B444-D9524ADCA8E5}.Debug|x64.Build.0 = Debug|Any CPU
		{91B54639-E4E0-1612-B444-D9524ADCA8E5}.Debug|x86.ActiveCfg = Debug|Any CPU
		{91B54639-E4E0-1612-B444-D9524ADCA8E5}.Debug|x86.Build.0 = Debug|Any CPU
		{91B54639-E4E0-1612-B444-D9524ADCA8E5}.Release|x64.ActiveCfg = Release|Any CPU
		{91B54639-E4E0-1612-B444-D9524ADCA8E5}.Release|x64.Build.0 = Release|Any CPU
		{91B54639-E4E0-1612-B444-D9524ADCA8E5}.Release|x86.ActiveCfg = Release|Any CPU
		{91B54639-E4E0-1612-B444-D9524ADCA8E5}.Release|x86.Build.0 = Release|Any CPU
		{BF15E3EF-CA09-4130-AE8F-3D509B8DED67}.Debug|Any CPU.ActiveCfg = Debug|Any CPU
		{BF15E3EF-CA09-4130-AE8F-3D509B8DED67}.Debug|Any CPU.Build.0 = Debug|Any CPU
		{BF15E3EF-CA09-4130-AE8F-3D509B8DED67}.Debug|x64.ActiveCfg = Debug|Any CPU
		{BF15E3EF-CA09-4130-AE8F-3D509B8DED67}.Debug|x64.Build.0 = Debug|Any CPU
		{BF15E3EF-CA09-4130-AE8F-3D509B8DED67}.Debug|x86.ActiveCfg = Debug|Any CPU
		{BF15E3EF-CA09-4130-AE8F-3D509B8DED67}.Debug|x86.Build.0 = Debug|Any CPU
		{BF15E3EF-CA09-4130-AE8F-3D509B8DED67}.Release|Any CPU.ActiveCfg = Release|Any CPU
		{BF15E3EF-CA09-4130-AE8F-3D509B8DED67}.Release|Any CPU.Build.0 = Release|Any CPU
		{BF15E3EF-CA09-4130-AE8F-3D509B8DED67}.Release|x64.ActiveCfg = Release|Any CPU
		{BF15E3EF-CA09-4130-AE8F-3D509B8DED67}.Release|x64.Build.0 = Release|Any CPU
		{BF15E3EF-CA09-4130-AE8F-3D509B8DED67}.Release|x86.ActiveCfg = Release|Any CPU
		{BF15E3EF-CA09-4130-AE8F-3D509B8DED67}.Release|x86.Build.0 = Release|Any CPU
	EndGlobalSection
	GlobalSection(SolutionProperties) = preSolution
		HideSolutionNode = FALSE
	EndGlobalSection
EndGlobal
